
Microsoft Visual Studio Solution File, Format Version 12.00
# Visual Studio Version 17
VisualStudioVersion = 17.8.34511.84
MinimumVisualStudioVersion = 10.0.40219.1
Project("{FAE04EC0-301F-11D3-BF4B-00C04F79EFBC}") = "WebAPI_Super", "WebAPI_Super\WebAPI_Super.csproj", "{4E426E0E-16B3-4E88-8C8E-645AC4016D54}"
EndProject
Global
	GlobalSection(SolutionConfigurationPlatforms) = preSolution
		Debug|Any CPU = Debug|Any CPU
		Release|Any CPU = Release|Any CPU
	EndGlobalSection
	GlobalSection(ProjectConfigurationPlatforms) = postSolution
		{4E426E0E-16B3-4E88-8C8E-645AC4016D54}.Debug|Any CPU.ActiveCfg = Debug|Any CPU
		{4E426E0E-16B3-4E88-8C8E-645AC4016D54}.Debug|Any CPU.Build.0 = Debug|Any CPU
		{4E426E0E-16B3-4E88-8C8E-645AC4016D54}.Release|Any CPU.ActiveCfg = Release|Any CPU
		{4E426E0E-16B3-4E88-8C8E-645AC4016D54}.Release|Any CPU.Build.0 = Release|Any CPU
	EndGlobalSection
	GlobalSection(SolutionProperties) = preSolution
		HideSolutionNode = FALSE
	EndGlobalSection
	GlobalSection(ExtensibilityGlobals) = postSolution
		SolutionGuid = {74653B1C-2FDB-4A4C-AC6B-BB8242360747}
	EndGlobalSection
EndGlobal
